
Microsoft Visual Studio Solution File, Format Version 12.00
# Visual Studio Version 16
VisualStudioVersion = 16.0.32228.343
MinimumVisualStudioVersion = 10.0.40219.1
Project("{FAE04EC0-301F-11D3-BF4B-00C04F79EFBC}") = "ООО Спортивные товары", "ООО Спортивные товары.csproj", "{61523179-3BCF-43C7-8A88-075DF490F05D}"
EndProject
Global
	GlobalSection(SolutionConfigurationPlatforms) = preSolution
		Debug|Any CPU = Debug|Any CPU
		Release|Any CPU = Release|Any CPU
	EndGlobalSection
	GlobalSection(ProjectConfigurationPlatforms) = postSolution
		{61523179-3BCF-43C7-8A88-075DF490F05D}.Debug|Any CPU.ActiveCfg = Debug|Any CPU
		{61523179-3BCF-43C7-8A88-075DF490F05D}.Debug|Any CPU.Build.0 = Debug|Any CPU
		{61523179-3BCF-43C7-8A88-075DF490F05D}.Release|Any CPU.ActiveCfg = Release|Any CPU
		{61523179-3BCF-43C7-8A88-075DF490F05D}.Release|Any CPU.Build.0 = Release|Any CPU
	EndGlobalSection
	GlobalSection(SolutionProperties) = preSolution
		HideSolutionNode = FALSE
	EndGlobalSection
	GlobalSection(ExtensibilityGlobals) = postSolution
		SolutionGuid = {D9EC413D-CA1E-46A2-B3B8-EAFFC7E38E7F}
	EndGlobalSection
EndGlobal
